
Microsoft Visual Studio Solution File, Format Version 12.00
# Visual Studio 15
VisualStudioVersion = 15.0.28307.489
MinimumVisualStudioVersion = 10.0.40219.1
Project("{FAE04EC0-301F-11D3-BF4B-00C04F79EFBC}") = "UGPC-IIUI", "UGPC-IIUI\UGPC-IIUI.csproj", "{BD25161B-991F-4611-B92B-0E7836EAAABD}"
EndProject
Project("{FAE04EC0-301F-11D3-BF4B-00C04F79EFBC}") = "UGPC-IIUI.Tests", "UGPC-IIUI.Tests\UGPC-IIUI.Tests.csproj", "{3F36CB42-0329-45BF-A14D-28D44916DEF7}"
EndProject
Global
	GlobalSection(SolutionConfigurationPlatforms) = preSolution
		Debug|Any CPU = Debug|Any CPU
		Release|Any CPU = Release|Any CPU
	EndGlobalSection
	GlobalSection(ProjectConfigurationPlatforms) = postSolution
		{BD25161B-991F-4611-B92B-0E7836EAAABD}.Debug|Any CPU.ActiveCfg = Debug|Any CPU
		{BD25161B-991F-4611-B92B-0E7836EAAABD}.Debug|Any CPU.Build.0 = Debug|Any CPU
		{BD25161B-991F-4611-B92B-0E7836EAAABD}.Release|Any CPU.ActiveCfg = Release|Any CPU
		{BD25161B-991F-4611-B92B-0E7836EAAABD}.Release|Any CPU.Build.0 = Release|Any CPU
		{3F36CB42-0329-45BF-A14D-28D44916DEF7}.Debug|Any CPU.ActiveCfg = Debug|Any CPU
		{3F36CB42-0329-45BF-A14D-28D44916DEF7}.Debug|Any CPU.Build.0 = Debug|Any CPU
		{3F36CB42-0329-45BF-A14D-28D44916DEF7}.Release|Any CPU.ActiveCfg = Release|Any CPU
		{3F36CB42-0329-45BF-A14D-28D44916DEF7}.Release|Any CPU.Build.0 = Release|Any CPU
	EndGlobalSection
	GlobalSection(SolutionProperties) = preSolution
		HideSolutionNode = FALSE
	EndGlobalSection
	GlobalSection(ExtensibilityGlobals) = postSolution
		SolutionGuid = {44B4CE57-C65B-4BEE-AD12-9CD313D4F452}
	EndGlobalSection
EndGlobal
